
Microsoft Visual Studio Solution File, Format Version 12.00
# Visual Studio 2012
Project("{FAE04EC0-301F-11D3-BF4B-00C04F79EFBC}") = "SemanticVersionSort", "SemanticVersionSort\SemanticVersionSort.csproj", "{2EC4158F-2E60-4E7B-B2A8-32130C3F09C1}"
EndProject
Project("{FAE04EC0-301F-11D3-BF4B-00C04F79EFBC}") = "Util", "Util\Util.csproj", "{F90B35C6-C3DB-4506-B6D9-30E2C5876199}"
EndProject
Global
	GlobalSection(SolutionConfigurationPlatforms) = preSolution
		Debug|Any CPU = Debug|Any CPU
		Release|Any CPU = Release|Any CPU
	EndGlobalSection
	GlobalSection(ProjectConfigurationPlatforms) = postSolution
		{2EC4158F-2E60-4E7B-B2A8-32130C3F09C1}.Debug|Any CPU.ActiveCfg = Debug|Any CPU
		{2EC4158F-2E60-4E7B-B2A8-32130C3F09C1}.Debug|Any CPU.Build.0 = Debug|Any CPU
		{2EC4158F-2E60-4E7B-B2A8-32130C3F09C1}.Release|Any CPU.ActiveCfg = Release|Any CPU
		{2EC4158F-2E60-4E7B-B2A8-32130C3F09C1}.Release|Any CPU.Build.0 = Release|Any CPU
		{F90B35C6-C3DB-4506-B6D9-30E2C5876199}.Debug|Any CPU.ActiveCfg = Debug|Any CPU
		{F90B35C6-C3DB-4506-B6D9-30E2C5876199}.Debug|Any CPU.Build.0 = Debug|Any CPU
		{F90B35C6-C3DB-4506-B6D9-30E2C5876199}.Release|Any CPU.ActiveCfg = Release|Any CPU
		{F90B35C6-C3DB-4506-B6D9-30E2C5876199}.Release|Any CPU.Build.0 = Release|Any CPU
	EndGlobalSection
	GlobalSection(SolutionProperties) = preSolution
		HideSolutionNode = FALSE
	EndGlobalSection
EndGlobal
