
Microsoft Visual Studio Solution File, Format Version 12.00
# Visual Studio 2012
Project("{FAE04EC0-301F-11D3-BF4B-00C04F79EFBC}") = "SemanticVersionSort", "SemanticVersionSort\SemanticVersionSort.csproj", "{2EC4158F-2E60-4E7B-B2A8-32130C3F09C1}"
EndProject
Project("{FAE04EC0-301F-11D3-BF4B-00C04F79EFBC}") = "Util", "Util\Util.csproj", "{F90B35C6-C3DB-4506-B6D9-30E2C5876199}"
EndProject
Project("{FAE04EC0-301F-11D3-BF4B-00C04F79EFBC}") = "UnitTests", "UnitTests\UnitTests.csproj", "{D68C00A5-D975-4428-A878-9B82F5362885}"
EndProject
Project("{FAE04EC0-301F-11D3-BF4B-00C04F79EFBC}") = "1-Easy-Greeting", "1-Easy-Greeting\1-Easy-Greeting.csproj", "{C32C8FF8-A61C-43C1-B535-4C13010CF0F7}"
EndProject
Project("{FAE04EC0-301F-11D3-BF4B-00C04F79EFBC}") = "1-Int-EventMenu", "1-Int-EventMenu\1-Int-EventMenu.csproj", "{0F448839-870D-406B-A9CE-53B63D93C689}"
EndProject
Project("{FAE04EC0-301F-11D3-BF4B-00C04F79EFBC}") = "1-Diff-Guesser", "1-Diff-Guesser\1-Diff-Guesser.csproj", "{1AE6DC56-903B-4BAA-AB6A-D118C1E512CD}"
EndProject
Project("{FAE04EC0-301F-11D3-BF4B-00C04F79EFBC}") = "2-Easy-Calculator", "2-Easy-Calculator\2-Easy-Calculator.csproj", "{9119A8C3-14E7-4036-B3FB-723D561422F2}"
EndProject
Project("{FAE04EC0-301F-11D3-BF4B-00C04F79EFBC}") = "2-Int-Adventure", "2-Int-Adventure\2-Int-Adventure.csproj", "{FCAF3662-D186-4784-A067-1E1401F010A9}"
EndProject
Project("{FAE04EC0-301F-11D3-BF4B-00C04F79EFBC}") = "2-Diff-Stopwatch", "2-Diff-Stopwatch\2-Diff-Stopwatch.csproj", "{938E2AE7-B7D2-4C82-9E5E-0C24EFFE9200}"
EndProject
Project("{FAE04EC0-301F-11D3-BF4B-00C04F79EFBC}") = "3-Easy-Cipher", "3-Easy-Cipher\3-Easy-Cipher.csproj", "{5E29DDC4-E2CB-4AE0-9744-267D7248DE10}"
EndProject
Project("{FAE04EC0-301F-11D3-BF4B-00C04F79EFBC}") = "3-Int-Cipher", "3-Int-Cipher\3-Int-Cipher.csproj", "{31E8ADD4-DDCF-474A-A1C4-C40CF794FC12}"
EndProject
Project("{FAE04EC0-301F-11D3-BF4B-00C04F79EFBC}") = "3-Diff-Unscrambler", "3-Diff-Unscrambler\3-Diff-Unscrambler.csproj", "{85FAED99-A9AA-458B-99C1-1DB77B8396ED}"
EndProject
Project("{FAE04EC0-301F-11D3-BF4B-00C04F79EFBC}") = "4-Easy-Password", "4-Easy-Password\4-Easy-Password.csproj", "{CCEAB1EC-6953-4FE1-A491-C757BD5A1292}"
EndProject
Project("{FAE04EC0-301F-11D3-BF4B-00C04F79EFBC}") = "4-Int-Calculator", "4-Int-Calculator\4-Int-Calculator.csproj", "{002FB344-E344-43A5-A4B4-CF0903FE9161}"
EndProject
Project("{FAE04EC0-301F-11D3-BF4B-00C04F79EFBC}") = "4-Diff-NumCombos", "4-Diff-NumCombos\4-Diff-NumCombos.csproj", "{19792084-6064-4A08-A22A-D8123F9F0AED}"
EndProject
Project("{FAE04EC0-301F-11D3-BF4B-00C04F79EFBC}") = "5-Passw-Protect", "5-Passw-Protect\5-Passw-Protect.csproj", "{365A8E1B-4AED-42C4-A2FE-A6C7544E26C3}"
EndProject
Project("{FAE04EC0-301F-11D3-BF4B-00C04F79EFBC}") = "5-Int-Anagrams", "5-Int-Anagrams\5-Int-Anagrams.csproj", "{00203063-5ABA-483A-9E66-FC96E8434242}"
EndProject
Project("{FAE04EC0-301F-11D3-BF4B-00C04F79EFBC}") = "6-Easy-Pi", "6-Easy-Pi\6-Easy-Pi.csproj", "{A1FC6042-BBF2-40D0-8A0E-3FE56038CE27}"
EndProject
Project("{FAE04EC0-301F-11D3-BF4B-00C04F79EFBC}") = "6-Int-Remove-Dup", "6-Int-Remove-Dup\6-Int-Remove-Dup.csproj", "{807149C0-A246-442F-8676-DD953410632D}"
EndProject
Project("{FAE04EC0-301F-11D3-BF4B-00C04F79EFBC}") = "6-Diff-Nim-Player", "6-Diff-Nim-Player\6-Diff-Nim-Player.csproj", "{07E66CC5-08D9-4EE5-9D30-851C0AD9E963}"
EndProject
Project("{FAE04EC0-301F-11D3-BF4B-00C04F79EFBC}") = "7-Easy-Morse-Code-Translate", "7-Easy-Morse-Code-Translate\7-Easy-Morse-Code-Translate.csproj", "{80B218DE-AF86-48C8-B585-9309BD9D010A}"
EndProject
Project("{FAE04EC0-301F-11D3-BF4B-00C04F79EFBC}") = "7-Int-Image-Gen", "7-Int-Image-Gen\7-Int-Image-Gen.csproj", "{0B5F16D9-41FC-462D-A39A-FE634763CE36}"
EndProject
Project("{FAE04EC0-301F-11D3-BF4B-00C04F79EFBC}") = "8-Easy-Bottles-of-Beer", "8-Easy-Bottles-of-Beer\8-Easy-Bottles-of-Beer.csproj", "{84830F7C-35D7-47AE-AA17-936817F0F8B6}"
EndProject
Project("{FAE04EC0-301F-11D3-BF4B-00C04F79EFBC}") = "8-Int-Numbers-To-English", "8-Int-Numbers-To-English\8-Int-Numbers-To-English.csproj", "{BFFE6184-A95D-498D-BE65-7C2D3422801F}"
EndProject
Project("{FAE04EC0-301F-11D3-BF4B-00C04F79EFBC}") = "8-Diff-Pascal-Triangle", "8-Diff-Pascal-Triangle\8-Diff-Pascal-Triangle.csproj", "{DDA07A8C-D616-47B4-813D-5B1193D1F265}"
EndProject
Project("{FAE04EC0-301F-11D3-BF4B-00C04F79EFBC}") = "9-Easy-Sorting", "9-Easy-Sorting\9-Easy-Sorting.csproj", "{732D46D1-03F1-4C51-95BA-AB01EABB9DFD}"
EndProject
Global
	GlobalSection(SolutionConfigurationPlatforms) = preSolution
		Debug|Any CPU = Debug|Any CPU
		Release|Any CPU = Release|Any CPU
	EndGlobalSection
	GlobalSection(ProjectConfigurationPlatforms) = postSolution
		{2EC4158F-2E60-4E7B-B2A8-32130C3F09C1}.Debug|Any CPU.ActiveCfg = Debug|Any CPU
		{2EC4158F-2E60-4E7B-B2A8-32130C3F09C1}.Debug|Any CPU.Build.0 = Debug|Any CPU
		{2EC4158F-2E60-4E7B-B2A8-32130C3F09C1}.Release|Any CPU.ActiveCfg = Release|Any CPU
		{2EC4158F-2E60-4E7B-B2A8-32130C3F09C1}.Release|Any CPU.Build.0 = Release|Any CPU
		{F90B35C6-C3DB-4506-B6D9-30E2C5876199}.Debug|Any CPU.ActiveCfg = Debug|Any CPU
		{F90B35C6-C3DB-4506-B6D9-30E2C5876199}.Debug|Any CPU.Build.0 = Debug|Any CPU
		{F90B35C6-C3DB-4506-B6D9-30E2C5876199}.Release|Any CPU.ActiveCfg = Release|Any CPU
		{F90B35C6-C3DB-4506-B6D9-30E2C5876199}.Release|Any CPU.Build.0 = Release|Any CPU
		{D68C00A5-D975-4428-A878-9B82F5362885}.Debug|Any CPU.ActiveCfg = Debug|Any CPU
		{D68C00A5-D975-4428-A878-9B82F5362885}.Debug|Any CPU.Build.0 = Debug|Any CPU
		{D68C00A5-D975-4428-A878-9B82F5362885}.Release|Any CPU.ActiveCfg = Release|Any CPU
		{D68C00A5-D975-4428-A878-9B82F5362885}.Release|Any CPU.Build.0 = Release|Any CPU
		{C32C8FF8-A61C-43C1-B535-4C13010CF0F7}.Debug|Any CPU.ActiveCfg = Debug|Any CPU
		{C32C8FF8-A61C-43C1-B535-4C13010CF0F7}.Debug|Any CPU.Build.0 = Debug|Any CPU
		{C32C8FF8-A61C-43C1-B535-4C13010CF0F7}.Release|Any CPU.ActiveCfg = Release|Any CPU
		{C32C8FF8-A61C-43C1-B535-4C13010CF0F7}.Release|Any CPU.Build.0 = Release|Any CPU
		{0F448839-870D-406B-A9CE-53B63D93C689}.Debug|Any CPU.ActiveCfg = Debug|Any CPU
		{0F448839-870D-406B-A9CE-53B63D93C689}.Debug|Any CPU.Build.0 = Debug|Any CPU
		{0F448839-870D-406B-A9CE-53B63D93C689}.Release|Any CPU.ActiveCfg = Release|Any CPU
		{0F448839-870D-406B-A9CE-53B63D93C689}.Release|Any CPU.Build.0 = Release|Any CPU
		{1AE6DC56-903B-4BAA-AB6A-D118C1E512CD}.Debug|Any CPU.ActiveCfg = Debug|Any CPU
		{1AE6DC56-903B-4BAA-AB6A-D118C1E512CD}.Debug|Any CPU.Build.0 = Debug|Any CPU
		{1AE6DC56-903B-4BAA-AB6A-D118C1E512CD}.Release|Any CPU.ActiveCfg = Release|Any CPU
		{1AE6DC56-903B-4BAA-AB6A-D118C1E512CD}.Release|Any CPU.Build.0 = Release|Any CPU
		{9119A8C3-14E7-4036-B3FB-723D561422F2}.Debug|Any CPU.ActiveCfg = Debug|Any CPU
		{9119A8C3-14E7-4036-B3FB-723D561422F2}.Debug|Any CPU.Build.0 = Debug|Any CPU
		{9119A8C3-14E7-4036-B3FB-723D561422F2}.Release|Any CPU.ActiveCfg = Release|Any CPU
		{9119A8C3-14E7-4036-B3FB-723D561422F2}.Release|Any CPU.Build.0 = Release|Any CPU
		{FCAF3662-D186-4784-A067-1E1401F010A9}.Debug|Any CPU.ActiveCfg = Debug|Any CPU
		{FCAF3662-D186-4784-A067-1E1401F010A9}.Debug|Any CPU.Build.0 = Debug|Any CPU
		{FCAF3662-D186-4784-A067-1E1401F010A9}.Release|Any CPU.ActiveCfg = Release|Any CPU
		{FCAF3662-D186-4784-A067-1E1401F010A9}.Release|Any CPU.Build.0 = Release|Any CPU
		{938E2AE7-B7D2-4C82-9E5E-0C24EFFE9200}.Debug|Any CPU.ActiveCfg = Debug|Any CPU
		{938E2AE7-B7D2-4C82-9E5E-0C24EFFE9200}.Debug|Any CPU.Build.0 = Debug|Any CPU
		{938E2AE7-B7D2-4C82-9E5E-0C24EFFE9200}.Release|Any CPU.ActiveCfg = Release|Any CPU
		{938E2AE7-B7D2-4C82-9E5E-0C24EFFE9200}.Release|Any CPU.Build.0 = Release|Any CPU
		{5E29DDC4-E2CB-4AE0-9744-267D7248DE10}.Debug|Any CPU.ActiveCfg = Debug|Any CPU
		{5E29DDC4-E2CB-4AE0-9744-267D7248DE10}.Debug|Any CPU.Build.0 = Debug|Any CPU
		{5E29DDC4-E2CB-4AE0-9744-267D7248DE10}.Release|Any CPU.ActiveCfg = Release|Any CPU
		{5E29DDC4-E2CB-4AE0-9744-267D7248DE10}.Release|Any CPU.Build.0 = Release|Any CPU
		{31E8ADD4-DDCF-474A-A1C4-C40CF794FC12}.Debug|Any CPU.ActiveCfg = Debug|Any CPU
		{31E8ADD4-DDCF-474A-A1C4-C40CF794FC12}.Debug|Any CPU.Build.0 = Debug|Any CPU
		{31E8ADD4-DDCF-474A-A1C4-C40CF794FC12}.Release|Any CPU.ActiveCfg = Release|Any CPU
		{31E8ADD4-DDCF-474A-A1C4-C40CF794FC12}.Release|Any CPU.Build.0 = Release|Any CPU
		{85FAED99-A9AA-458B-99C1-1DB77B8396ED}.Debug|Any CPU.ActiveCfg = Debug|Any CPU
		{85FAED99-A9AA-458B-99C1-1DB77B8396ED}.Debug|Any CPU.Build.0 = Debug|Any CPU
		{85FAED99-A9AA-458B-99C1-1DB77B8396ED}.Release|Any CPU.ActiveCfg = Release|Any CPU
		{85FAED99-A9AA-458B-99C1-1DB77B8396ED}.Release|Any CPU.Build.0 = Release|Any CPU
		{CCEAB1EC-6953-4FE1-A491-C757BD5A1292}.Debug|Any CPU.ActiveCfg = Debug|Any CPU
		{CCEAB1EC-6953-4FE1-A491-C757BD5A1292}.Debug|Any CPU.Build.0 = Debug|Any CPU
		{CCEAB1EC-6953-4FE1-A491-C757BD5A1292}.Release|Any CPU.ActiveCfg = Release|Any CPU
		{CCEAB1EC-6953-4FE1-A491-C757BD5A1292}.Release|Any CPU.Build.0 = Release|Any CPU
		{002FB344-E344-43A5-A4B4-CF0903FE9161}.Debug|Any CPU.ActiveCfg = Debug|Any CPU
		{002FB344-E344-43A5-A4B4-CF0903FE9161}.Debug|Any CPU.Build.0 = Debug|Any CPU
		{002FB344-E344-43A5-A4B4-CF0903FE9161}.Release|Any CPU.ActiveCfg = Release|Any CPU
		{002FB344-E344-43A5-A4B4-CF0903FE9161}.Release|Any CPU.Build.0 = Release|Any CPU
		{19792084-6064-4A08-A22A-D8123F9F0AED}.Debug|Any CPU.ActiveCfg = Debug|Any CPU
		{19792084-6064-4A08-A22A-D8123F9F0AED}.Debug|Any CPU.Build.0 = Debug|Any CPU
		{19792084-6064-4A08-A22A-D8123F9F0AED}.Release|Any CPU.ActiveCfg = Release|Any CPU
		{19792084-6064-4A08-A22A-D8123F9F0AED}.Release|Any CPU.Build.0 = Release|Any CPU
		{365A8E1B-4AED-42C4-A2FE-A6C7544E26C3}.Debug|Any CPU.ActiveCfg = Debug|Any CPU
		{365A8E1B-4AED-42C4-A2FE-A6C7544E26C3}.Debug|Any CPU.Build.0 = Debug|Any CPU
		{365A8E1B-4AED-42C4-A2FE-A6C7544E26C3}.Release|Any CPU.ActiveCfg = Release|Any CPU
		{365A8E1B-4AED-42C4-A2FE-A6C7544E26C3}.Release|Any CPU.Build.0 = Release|Any CPU
		{00203063-5ABA-483A-9E66-FC96E8434242}.Debug|Any CPU.ActiveCfg = Debug|Any CPU
		{00203063-5ABA-483A-9E66-FC96E8434242}.Debug|Any CPU.Build.0 = Debug|Any CPU
		{00203063-5ABA-483A-9E66-FC96E8434242}.Release|Any CPU.ActiveCfg = Release|Any CPU
		{00203063-5ABA-483A-9E66-FC96E8434242}.Release|Any CPU.Build.0 = Release|Any CPU
		{A1FC6042-BBF2-40D0-8A0E-3FE56038CE27}.Debug|Any CPU.ActiveCfg = Debug|Any CPU
		{A1FC6042-BBF2-40D0-8A0E-3FE56038CE27}.Debug|Any CPU.Build.0 = Debug|Any CPU
		{A1FC6042-BBF2-40D0-8A0E-3FE56038CE27}.Release|Any CPU.ActiveCfg = Release|Any CPU
		{A1FC6042-BBF2-40D0-8A0E-3FE56038CE27}.Release|Any CPU.Build.0 = Release|Any CPU
		{807149C0-A246-442F-8676-DD953410632D}.Debug|Any CPU.ActiveCfg = Debug|Any CPU
		{807149C0-A246-442F-8676-DD953410632D}.Debug|Any CPU.Build.0 = Debug|Any CPU
		{807149C0-A246-442F-8676-DD953410632D}.Release|Any CPU.ActiveCfg = Release|Any CPU
		{807149C0-A246-442F-8676-DD953410632D}.Release|Any CPU.Build.0 = Release|Any CPU
		{07E66CC5-08D9-4EE5-9D30-851C0AD9E963}.Debug|Any CPU.ActiveCfg = Debug|Any CPU
		{07E66CC5-08D9-4EE5-9D30-851C0AD9E963}.Debug|Any CPU.Build.0 = Debug|Any CPU
		{07E66CC5-08D9-4EE5-9D30-851C0AD9E963}.Release|Any CPU.ActiveCfg = Release|Any CPU
		{07E66CC5-08D9-4EE5-9D30-851C0AD9E963}.Release|Any CPU.Build.0 = Release|Any CPU
		{80B218DE-AF86-48C8-B585-9309BD9D010A}.Debug|Any CPU.ActiveCfg = Debug|Any CPU
		{80B218DE-AF86-48C8-B585-9309BD9D010A}.Debug|Any CPU.Build.0 = Debug|Any CPU
		{80B218DE-AF86-48C8-B585-9309BD9D010A}.Release|Any CPU.ActiveCfg = Release|Any CPU
		{80B218DE-AF86-48C8-B585-9309BD9D010A}.Release|Any CPU.Build.0 = Release|Any CPU
		{0B5F16D9-41FC-462D-A39A-FE634763CE36}.Debug|Any CPU.ActiveCfg = Debug|Any CPU
		{0B5F16D9-41FC-462D-A39A-FE634763CE36}.Debug|Any CPU.Build.0 = Debug|Any CPU
		{0B5F16D9-41FC-462D-A39A-FE634763CE36}.Release|Any CPU.ActiveCfg = Release|Any CPU
		{0B5F16D9-41FC-462D-A39A-FE634763CE36}.Release|Any CPU.Build.0 = Release|Any CPU
		{84830F7C-35D7-47AE-AA17-936817F0F8B6}.Debug|Any CPU.ActiveCfg = Debug|Any CPU
		{84830F7C-35D7-47AE-AA17-936817F0F8B6}.Debug|Any CPU.Build.0 = Debug|Any CPU
		{84830F7C-35D7-47AE-AA17-936817F0F8B6}.Release|Any CPU.ActiveCfg = Release|Any CPU
		{84830F7C-35D7-47AE-AA17-936817F0F8B6}.Release|Any CPU.Build.0 = Release|Any CPU
		{BFFE6184-A95D-498D-BE65-7C2D3422801F}.Debug|Any CPU.ActiveCfg = Debug|Any CPU
		{BFFE6184-A95D-498D-BE65-7C2D3422801F}.Debug|Any CPU.Build.0 = Debug|Any CPU
		{BFFE6184-A95D-498D-BE65-7C2D3422801F}.Release|Any CPU.ActiveCfg = Release|Any CPU
		{BFFE6184-A95D-498D-BE65-7C2D3422801F}.Release|Any CPU.Build.0 = Release|Any CPU
		{DDA07A8C-D616-47B4-813D-5B1193D1F265}.Debug|Any CPU.ActiveCfg = Debug|Any CPU
		{DDA07A8C-D616-47B4-813D-5B1193D1F265}.Debug|Any CPU.Build.0 = Debug|Any CPU
		{DDA07A8C-D616-47B4-813D-5B1193D1F265}.Release|Any CPU.ActiveCfg = Release|Any CPU
		{DDA07A8C-D616-47B4-813D-5B1193D1F265}.Release|Any CPU.Build.0 = Release|Any CPU
		{732D46D1-03F1-4C51-95BA-AB01EABB9DFD}.Debug|Any CPU.ActiveCfg = Debug|Any CPU
		{732D46D1-03F1-4C51-95BA-AB01EABB9DFD}.Debug|Any CPU.Build.0 = Debug|Any CPU
		{732D46D1-03F1-4C51-95BA-AB01EABB9DFD}.Release|Any CPU.ActiveCfg = Release|Any CPU
		{732D46D1-03F1-4C51-95BA-AB01EABB9DFD}.Release|Any CPU.Build.0 = Release|Any CPU
	EndGlobalSection
	GlobalSection(SolutionProperties) = preSolution
		HideSolutionNode = FALSE
	EndGlobalSection
EndGlobal
